// !$*UTF8*$!
{
	archiveVersion = 1;
	classes = {
	};
	objectVersion = 46;
	objects = {

/* Begin PBXBuildFile section */
		3B0D3B131CA096D500B2ED40 /* Reachability.m in Sources */ = {isa = PBXBuildFile; fileRef = 3B0D3B121CA096D500B2ED40 /* Reachability.m */; };
		3B0D3B151CA0AD9600B2ED40 /* MapKit.framework in Frameworks */ = {isa = PBXBuildFile; fileRef = 3B0D3B141CA0AD9600B2ED40 /* MapKit.framework */; };
		3B0D3B171CA7557D00B2ED40 /* Extensions.swift in Sources */ = {isa = PBXBuildFile; fileRef = 3B0D3B161CA7557C00B2ED40 /* Extensions.swift */; };
		3B4491351CB2EA58009CD654 /* SearchViewController.swift in Sources */ = {isa = PBXBuildFile; fileRef = 3B4491341CB2EA58009CD654 /* SearchViewController.swift */; };
		3B4491371CB2FB56009CD654 /* SearchTableViewCell.swift in Sources */ = {isa = PBXBuildFile; fileRef = 3B4491361CB2FB56009CD654 /* SearchTableViewCell.swift */; };
		3B620C5A1CA07A940099FA51 /* MainViewController.swift in Sources */ = {isa = PBXBuildFile; fileRef = 3B620C591CA07A940099FA51 /* MainViewController.swift */; };
		3B620C5C1CA081600099FA51 /* ServiceSelectionView.swift in Sources */ = {isa = PBXBuildFile; fileRef = 3B620C5B1CA081600099FA51 /* ServiceSelectionView.swift */; };
		3B620C611CA08BF80099FA51 /* Globals.swift in Sources */ = {isa = PBXBuildFile; fileRef = 3B620C601CA08BF80099FA51 /* Globals.swift */; };
		3B889F6B1CA9FCF30069003A /* AutoCompleteTextField.swift in Sources */ = {isa = PBXBuildFile; fileRef = 3B889F6A1CA9FCF30069003A /* AutoCompleteTextField.swift */; };
		3B889F6D1CA9FD660069003A /* MKMapViewExtension.swift in Sources */ = {isa = PBXBuildFile; fileRef = 3B889F6C1CA9FD660069003A /* MKMapViewExtension.swift */; };
		3B889F6F1CA9FD8D0069003A /* Location.swift in Sources */ = {isa = PBXBuildFile; fileRef = 3B889F6E1CA9FD8D0069003A /* Location.swift */; };
		3B889F731CAA031F0069003A /* StartLocationViewController.swift in Sources */ = {isa = PBXBuildFile; fileRef = 3B889F721CAA031F0069003A /* StartLocationViewController.swift */; };
		3B8B101E1C84EB8800B6BC51 /* SettingsCategoryTableViewCell.swift in Sources */ = {isa = PBXBuildFile; fileRef = 3B8B101D1C84EB8800B6BC51 /* SettingsCategoryTableViewCell.swift */; };
		3B8B10201C84EE4A00B6BC51 /* SettingsTableViewController.swift in Sources */ = {isa = PBXBuildFile; fileRef = 3B8B101F1C84EE4A00B6BC51 /* SettingsTableViewController.swift */; };
		3B8B10221C86745900B6BC51 /* SettingsCategoryTableViewController.swift in Sources */ = {isa = PBXBuildFile; fileRef = 3B8B10211C86745900B6BC51 /* SettingsCategoryTableViewController.swift */; };
		3BA57F881C6449550017F8D4 /* AppDelegate.swift in Sources */ = {isa = PBXBuildFile; fileRef = 3BA57F871C6449550017F8D4 /* AppDelegate.swift */; };
		3BA57F8F1C6449550017F8D4 /* Main.storyboard in Resources */ = {isa = PBXBuildFile; fileRef = 3BA57F8D1C6449550017F8D4 /* Main.storyboard */; };
		3BA57F911C6449550017F8D4 /* Assets.xcassets in Resources */ = {isa = PBXBuildFile; fileRef = 3BA57F901C6449550017F8D4 /* Assets.xcassets */; };
		3BA57F941C6449550017F8D4 /* LaunchScreen.storyboard in Resources */ = {isa = PBXBuildFile; fileRef = 3BA57F921C6449550017F8D4 /* LaunchScreen.storyboard */; };
		3BA57F9F1C6449550017F8D4 /* TimeOfNeedTests.swift in Sources */ = {isa = PBXBuildFile; fileRef = 3BA57F9E1C6449550017F8D4 /* TimeOfNeedTests.swift */; };
		3BA57FAA1C6449560017F8D4 /* TimeOfNeedUITests.swift in Sources */ = {isa = PBXBuildFile; fileRef = 3BA57FA91C6449560017F8D4 /* TimeOfNeedUITests.swift */; };
		3BEF187D1C7311BB00301D15 /* ServicesTableViewCell.swift in Sources */ = {isa = PBXBuildFile; fileRef = 3BEF187C1C7311BB00301D15 /* ServicesTableViewCell.swift */; };
		3BEF187F1C731A1B00301D15 /* ServicesTableViewController.swift in Sources */ = {isa = PBXBuildFile; fileRef = 3BEF187E1C731A1B00301D15 /* ServicesTableViewController.swift */; };
/* End PBXBuildFile section */

/* Begin PBXContainerItemProxy section */
		3BA57F9B1C6449550017F8D4 /* PBXContainerItemProxy */ = {
			isa = PBXContainerItemProxy;
			containerPortal = 3BA57F7C1C6449540017F8D4 /* Project object */;
			proxyType = 1;
			remoteGlobalIDString = 3BA57F831C6449540017F8D4;
			remoteInfo = TimeOfNeed;
		};
		3BA57FA61C6449560017F8D4 /* PBXContainerItemProxy */ = {
			isa = PBXContainerItemProxy;
			containerPortal = 3BA57F7C1C6449540017F8D4 /* Project object */;
			proxyType = 1;
			remoteGlobalIDString = 3BA57F831C6449540017F8D4;
			remoteInfo = TimeOfNeed;
		};
/* End PBXContainerItemProxy section */

/* Begin PBXFileReference section */
		3B0D3B101CA096C100B2ED40 /* Reachability.h */ = {isa = PBXFileReference; lastKnownFileType = sourcecode.c.h; path = Reachability.h; sourceTree = "<group>"; };
		3B0D3B111CA096D400B2ED40 /* TimeOfNeed-Bridging-Header.h */ = {isa = PBXFileReference; lastKnownFileType = sourcecode.c.h; path = "TimeOfNeed-Bridging-Header.h"; sourceTree = "<group>"; };
		3B0D3B121CA096D500B2ED40 /* Reachability.m */ = {isa = PBXFileReference; fileEncoding = 4; lastKnownFileType = sourcecode.c.objc; path = Reachability.m; sourceTree = "<group>"; };
		3B0D3B141CA0AD9600B2ED40 /* MapKit.framework */ = {isa = PBXFileReference; lastKnownFileType = wrapper.framework; name = MapKit.framework; path = System/Library/Frameworks/MapKit.framework; sourceTree = SDKROOT; };
		3B0D3B161CA7557C00B2ED40 /* Extensions.swift */ = {isa = PBXFileReference; fileEncoding = 4; lastKnownFileType = sourcecode.swift; path = Extensions.swift; sourceTree = "<group>"; };
		3B4491341CB2EA58009CD654 /* SearchViewController.swift */ = {isa = PBXFileReference; fileEncoding = 4; lastKnownFileType = sourcecode.swift; path = SearchViewController.swift; sourceTree = "<group>"; };
		3B4491361CB2FB56009CD654 /* SearchTableViewCell.swift */ = {isa = PBXFileReference; fileEncoding = 4; lastKnownFileType = sourcecode.swift; name = SearchTableViewCell.swift; path = ../SearchTableViewCell.swift; sourceTree = "<group>"; };
		3B620C591CA07A940099FA51 /* MainViewController.swift */ = {isa = PBXFileReference; fileEncoding = 4; lastKnownFileType = sourcecode.swift; path = MainViewController.swift; sourceTree = "<group>"; };
		3B620C5B1CA081600099FA51 /* ServiceSelectionView.swift */ = {isa = PBXFileReference; fileEncoding = 4; lastKnownFileType = sourcecode.swift; path = ServiceSelectionView.swift; sourceTree = "<group>"; };
		3B620C601CA08BF80099FA51 /* Globals.swift */ = {isa = PBXFileReference; fileEncoding = 4; lastKnownFileType = sourcecode.swift; path = Globals.swift; sourceTree = "<group>"; };
		3B889F6A1CA9FCF30069003A /* AutoCompleteTextField.swift */ = {isa = PBXFileReference; fileEncoding = 4; lastKnownFileType = sourcecode.swift; path = AutoCompleteTextField.swift; sourceTree = "<group>"; };
		3B889F6C1CA9FD660069003A /* MKMapViewExtension.swift */ = {isa = PBXFileReference; fileEncoding = 4; lastKnownFileType = sourcecode.swift; path = MKMapViewExtension.swift; sourceTree = "<group>"; };
		3B889F6E1CA9FD8D0069003A /* Location.swift */ = {isa = PBXFileReference; fileEncoding = 4; lastKnownFileType = sourcecode.swift; path = Location.swift; sourceTree = "<group>"; };
		3B889F721CAA031F0069003A /* StartLocationViewController.swift */ = {isa = PBXFileReference; fileEncoding = 4; lastKnownFileType = sourcecode.swift; path = StartLocationViewController.swift; sourceTree = "<group>"; };
		3B8B101D1C84EB8800B6BC51 /* SettingsCategoryTableViewCell.swift */ = {isa = PBXFileReference; fileEncoding = 4; lastKnownFileType = sourcecode.swift; path = SettingsCategoryTableViewCell.swift; sourceTree = "<group>"; };
		3B8B101F1C84EE4A00B6BC51 /* SettingsTableViewController.swift */ = {isa = PBXFileReference; fileEncoding = 4; lastKnownFileType = sourcecode.swift; path = SettingsTableViewController.swift; sourceTree = "<group>"; };
		3B8B10211C86745900B6BC51 /* SettingsCategoryTableViewController.swift */ = {isa = PBXFileReference; fileEncoding = 4; lastKnownFileType = sourcecode.swift; path = SettingsCategoryTableViewController.swift; sourceTree = "<group>"; };
		3BA57F841C6449550017F8D4 /* TimeOfNeed.app */ = {isa = PBXFileReference; explicitFileType = wrapper.application; includeInIndex = 0; path = TimeOfNeed.app; sourceTree = BUILT_PRODUCTS_DIR; };
		3BA57F871C6449550017F8D4 /* AppDelegate.swift */ = {isa = PBXFileReference; lastKnownFileType = sourcecode.swift; path = AppDelegate.swift; sourceTree = "<group>"; };
		3BA57F8E1C6449550017F8D4 /* Base */ = {isa = PBXFileReference; lastKnownFileType = file.storyboard; name = Base; path = Base.lproj/Main.storyboard; sourceTree = "<group>"; };
		3BA57F901C6449550017F8D4 /* Assets.xcassets */ = {isa = PBXFileReference; lastKnownFileType = folder.assetcatalog; path = Assets.xcassets; sourceTree = "<group>"; };
		3BA57F931C6449550017F8D4 /* Base */ = {isa = PBXFileReference; lastKnownFileType = file.storyboard; name = Base; path = Base.lproj/LaunchScreen.storyboard; sourceTree = "<group>"; };
		3BA57F951C6449550017F8D4 /* Info.plist */ = {isa = PBXFileReference; lastKnownFileType = text.plist.xml; path = Info.plist; sourceTree = "<group>"; };
		3BA57F9A1C6449550017F8D4 /* TimeOfNeedTests.xctest */ = {isa = PBXFileReference; explicitFileType = wrapper.cfbundle; includeInIndex = 0; path = TimeOfNeedTests.xctest; sourceTree = BUILT_PRODUCTS_DIR; };
		3BA57F9E1C6449550017F8D4 /* TimeOfNeedTests.swift */ = {isa = PBXFileReference; lastKnownFileType = sourcecode.swift; path = TimeOfNeedTests.swift; sourceTree = "<group>"; };
		3BA57FA01C6449550017F8D4 /* Info.plist */ = {isa = PBXFileReference; lastKnownFileType = text.plist.xml; path = Info.plist; sourceTree = "<group>"; };
		3BA57FA51C6449560017F8D4 /* TimeOfNeedUITests.xctest */ = {isa = PBXFileReference; explicitFileType = wrapper.cfbundle; includeInIndex = 0; path = TimeOfNeedUITests.xctest; sourceTree = BUILT_PRODUCTS_DIR; };
		3BA57FA91C6449560017F8D4 /* TimeOfNeedUITests.swift */ = {isa = PBXFileReference; lastKnownFileType = sourcecode.swift; path = TimeOfNeedUITests.swift; sourceTree = "<group>"; };
		3BA57FAB1C6449560017F8D4 /* Info.plist */ = {isa = PBXFileReference; lastKnownFileType = text.plist.xml; path = Info.plist; sourceTree = "<group>"; };
		3BEF187C1C7311BB00301D15 /* ServicesTableViewCell.swift */ = {isa = PBXFileReference; fileEncoding = 4; lastKnownFileType = sourcecode.swift; path = ServicesTableViewCell.swift; sourceTree = "<group>"; };
		3BEF187E1C731A1B00301D15 /* ServicesTableViewController.swift */ = {isa = PBXFileReference; fileEncoding = 4; lastKnownFileType = sourcecode.swift; name = ServicesTableViewController.swift; path = ../ServicesTableViewController.swift; sourceTree = "<group>"; };
/* End PBXFileReference section */

/* Begin PBXFrameworksBuildPhase section */
		3BA57F811C6449540017F8D4 /* Frameworks */ = {
			isa = PBXFrameworksBuildPhase;
			buildActionMask = 2147483647;
			files = (
				3B0D3B151CA0AD9600B2ED40 /* MapKit.framework in Frameworks */,
			);
			runOnlyForDeploymentPostprocessing = 0;
		};
		3BA57F971C6449550017F8D4 /* Frameworks */ = {
			isa = PBXFrameworksBuildPhase;
			buildActionMask = 2147483647;
			files = (
			);
			runOnlyForDeploymentPostprocessing = 0;
		};
		3BA57FA21C6449560017F8D4 /* Frameworks */ = {
			isa = PBXFrameworksBuildPhase;
			buildActionMask = 2147483647;
			files = (
			);
			runOnlyForDeploymentPostprocessing = 0;
		};
/* End PBXFrameworksBuildPhase section */

/* Begin PBXGroup section */
		3BA57F7B1C6449540017F8D4 = {
			isa = PBXGroup;
			children = (
				3B0D3B141CA0AD9600B2ED40 /* MapKit.framework */,
				3BA57F861C6449550017F8D4 /* TimeOfNeed */,
				3BA57F9D1C6449550017F8D4 /* TimeOfNeedTests */,
				3BA57FA81C6449560017F8D4 /* TimeOfNeedUITests */,
				3BA57F851C6449550017F8D4 /* Products */,
			);
			sourceTree = "<group>";
		};
		3BA57F851C6449550017F8D4 /* Products */ = {
			isa = PBXGroup;
			children = (
				3BA57F841C6449550017F8D4 /* TimeOfNeed.app */,
				3BA57F9A1C6449550017F8D4 /* TimeOfNeedTests.xctest */,
				3BA57FA51C6449560017F8D4 /* TimeOfNeedUITests.xctest */,
			);
			name = Products;
			sourceTree = "<group>";
		};
		3BA57F861C6449550017F8D4 /* TimeOfNeed */ = {
			isa = PBXGroup;
			children = (
				3BA57F871C6449550017F8D4 /* AppDelegate.swift */,
				3B889F6A1CA9FCF30069003A /* AutoCompleteTextField.swift */,
				3B0D3B161CA7557C00B2ED40 /* Extensions.swift */,
				3B620C601CA08BF80099FA51 /* Globals.swift */,
				3B889F6E1CA9FD8D0069003A /* Location.swift */,
				3BA57F8D1C6449550017F8D4 /* Main.storyboard */,
				3B620C591CA07A940099FA51 /* MainViewController.swift */,
				3B889F6C1CA9FD660069003A /* MKMapViewExtension.swift */,
				3B0D3B101CA096C100B2ED40 /* Reachability.h */,
				3B0D3B121CA096D500B2ED40 /* Reachability.m */,
				3B4491361CB2FB56009CD654 /* SearchTableViewCell.swift */,
				3B4491341CB2EA58009CD654 /* SearchViewController.swift */,
				3B620C5B1CA081600099FA51 /* ServiceSelectionView.swift */,
				3B8B101F1C84EE4A00B6BC51 /* SettingsTableViewController.swift */,
				3B8B101D1C84EB8800B6BC51 /* SettingsCategoryTableViewCell.swift */,
				3B8B10211C86745900B6BC51 /* SettingsCategoryTableViewController.swift */,
				3BEF187C1C7311BB00301D15 /* ServicesTableViewCell.swift */,
				3BEF187E1C731A1B00301D15 /* ServicesTableViewController.swift */,
				3B889F721CAA031F0069003A /* StartLocationViewController.swift */,
				3BA57F901C6449550017F8D4 /* Assets.xcassets */,
				3BA57F921C6449550017F8D4 /* LaunchScreen.storyboard */,
				3BA57F951C6449550017F8D4 /* Info.plist */,
				3B0D3B111CA096D400B2ED40 /* TimeOfNeed-Bridging-Header.h */,
			);
			path = TimeOfNeed;
			sourceTree = "<group>";
		};
		3BA57F9D1C6449550017F8D4 /* TimeOfNeedTests */ = {
			isa = PBXGroup;
			children = (
				3BA57F9E1C6449550017F8D4 /* TimeOfNeedTests.swift */,
				3BA57FA01C6449550017F8D4 /* Info.plist */,
			);
			path = TimeOfNeedTests;
			sourceTree = "<group>";
		};
		3BA57FA81C6449560017F8D4 /* TimeOfNeedUITests */ = {
			isa = PBXGroup;
			children = (
				3BA57FA91C6449560017F8D4 /* TimeOfNeedUITests.swift */,
				3BA57FAB1C6449560017F8D4 /* Info.plist */,
			);
			path = TimeOfNeedUITests;
			sourceTree = "<group>";
		};
/* End PBXGroup section */

/* Begin PBXNativeTarget section */
		3BA57F831C6449540017F8D4 /* TimeOfNeed */ = {
			isa = PBXNativeTarget;
			buildConfigurationList = 3BA57FAE1C6449560017F8D4 /* Build configuration list for PBXNativeTarget "TimeOfNeed" */;
			buildPhases = (
				3BA57F801C6449540017F8D4 /* Sources */,
				3BA57F811C6449540017F8D4 /* Frameworks */,
				3BA57F821C6449540017F8D4 /* Resources */,
			);
			buildRules = (
			);
			dependencies = (
			);
			name = TimeOfNeed;
			productName = TimeOfNeed;
			productReference = 3BA57F841C6449550017F8D4 /* TimeOfNeed.app */;
			productType = "com.apple.product-type.application";
		};
		3BA57F991C6449550017F8D4 /* TimeOfNeedTests */ = {
			isa = PBXNativeTarget;
			buildConfigurationList = 3BA57FB11C6449560017F8D4 /* Build configuration list for PBXNativeTarget "TimeOfNeedTests" */;
			buildPhases = (
				3BA57F961C6449550017F8D4 /* Sources */,
				3BA57F971C6449550017F8D4 /* Frameworks */,
				3BA57F981C6449550017F8D4 /* Resources */,
			);
			buildRules = (
			);
			dependencies = (
				3BA57F9C1C6449550017F8D4 /* PBXTargetDependency */,
			);
			name = TimeOfNeedTests;
			productName = TimeOfNeedTests;
			productReference = 3BA57F9A1C6449550017F8D4 /* TimeOfNeedTests.xctest */;
			productType = "com.apple.product-type.bundle.unit-test";
		};
		3BA57FA41C6449560017F8D4 /* TimeOfNeedUITests */ = {
			isa = PBXNativeTarget;
			buildConfigurationList = 3BA57FB41C6449560017F8D4 /* Build configuration list for PBXNativeTarget "TimeOfNeedUITests" */;
			buildPhases = (
				3BA57FA11C6449560017F8D4 /* Sources */,
				3BA57FA21C6449560017F8D4 /* Frameworks */,
				3BA57FA31C6449560017F8D4 /* Resources */,
			);
			buildRules = (
			);
			dependencies = (
				3BA57FA71C6449560017F8D4 /* PBXTargetDependency */,
			);
			name = TimeOfNeedUITests;
			productName = TimeOfNeedUITests;
			productReference = 3BA57FA51C6449560017F8D4 /* TimeOfNeedUITests.xctest */;
			productType = "com.apple.product-type.bundle.ui-testing";
		};
/* End PBXNativeTarget section */

/* Begin PBXProject section */
		3BA57F7C1C6449540017F8D4 /* Project object */ = {
			isa = PBXProject;
			attributes = {
				LastSwiftUpdateCheck = 0720;
				LastUpgradeCheck = 0710;
				ORGANIZATIONNAME = TON;
				TargetAttributes = {
					3BA57F831C6449540017F8D4 = {
						CreatedOnToolsVersion = 7.1.1;
					};
					3BA57F991C6449550017F8D4 = {
						CreatedOnToolsVersion = 7.1.1;
						TestTargetID = 3BA57F831C6449540017F8D4;
					};
					3BA57FA41C6449560017F8D4 = {
						CreatedOnToolsVersion = 7.1.1;
						TestTargetID = 3BA57F831C6449540017F8D4;
					};
				};
			};
			buildConfigurationList = 3BA57F7F1C6449540017F8D4 /* Build configuration list for PBXProject "TimeOfNeed" */;
			compatibilityVersion = "Xcode 3.2";
			developmentRegion = English;
			hasScannedForEncodings = 0;
			knownRegions = (
				en,
				Base,
			);
			mainGroup = 3BA57F7B1C6449540017F8D4;
			productRefGroup = 3BA57F851C6449550017F8D4 /* Products */;
			projectDirPath = "";
			projectRoot = "";
			targets = (
				3BA57F831C6449540017F8D4 /* TimeOfNeed */,
				3BA57F991C6449550017F8D4 /* TimeOfNeedTests */,
				3BA57FA41C6449560017F8D4 /* TimeOfNeedUITests */,
			);
		};
/* End PBXProject section */

/* Begin PBXResourcesBuildPhase section */
		3BA57F821C6449540017F8D4 /* Resources */ = {
			isa = PBXResourcesBuildPhase;
			buildActionMask = 2147483647;
			files = (
				3BA57F941C6449550017F8D4 /* LaunchScreen.storyboard in Resources */,
				3BA57F911C6449550017F8D4 /* Assets.xcassets in Resources */,
				3BA57F8F1C6449550017F8D4 /* Main.storyboard in Resources */,
			);
			runOnlyForDeploymentPostprocessing = 0;
		};
		3BA57F981C6449550017F8D4 /* Resources */ = {
			isa = PBXResourcesBuildPhase;
			buildActionMask = 2147483647;
			files = (
			);
			runOnlyForDeploymentPostprocessing = 0;
		};
		3BA57FA31C6449560017F8D4 /* Resources */ = {
			isa = PBXResourcesBuildPhase;
			buildActionMask = 2147483647;
			files = (
			);
			runOnlyForDeploymentPostprocessing = 0;
		};
/* End PBXResourcesBuildPhase section */

/* Begin PBXSourcesBuildPhase section */
		3BA57F801C6449540017F8D4 /* Sources */ = {
			isa = PBXSourcesBuildPhase;
			buildActionMask = 2147483647;
			files = (
				3B8B101E1C84EB8800B6BC51 /* SettingsCategoryTableViewCell.swift in Sources */,
				3BEF187D1C7311BB00301D15 /* ServicesTableViewCell.swift in Sources */,
				3B889F6D1CA9FD660069003A /* MKMapViewExtension.swift in Sources */,
				3B889F731CAA031F0069003A /* StartLocationViewController.swift in Sources */,
				3B8B10221C86745900B6BC51 /* SettingsCategoryTableViewController.swift in Sources */,
				3B8B10201C84EE4A00B6BC51 /* SettingsTableViewController.swift in Sources */,
				3B0D3B131CA096D500B2ED40 /* Reachability.m in Sources */,
				3B889F6F1CA9FD8D0069003A /* Location.swift in Sources */,
				3B620C5A1CA07A940099FA51 /* MainViewController.swift in Sources */,
				3BA57F881C6449550017F8D4 /* AppDelegate.swift in Sources */,
				3B4491351CB2EA58009CD654 /* SearchViewController.swift in Sources */,
				3B4491371CB2FB56009CD654 /* SearchTableViewCell.swift in Sources */,
				3BEF187F1C731A1B00301D15 /* ServicesTableViewController.swift in Sources */,
				3B620C611CA08BF80099FA51 /* Globals.swift in Sources */,
				3B889F6B1CA9FCF30069003A /* AutoCompleteTextField.swift in Sources */,
				3B0D3B171CA7557D00B2ED40 /* Extensions.swift in Sources */,
				3B620C5C1CA081600099FA51 /* ServiceSelectionView.swift in Sources */,
			);
			runOnlyForDeploymentPostprocessing = 0;
		};
		3BA57F961C6449550017F8D4 /* Sources */ = {
			isa = PBXSourcesBuildPhase;
			buildActionMask = 2147483647;
			files = (
				3BA57F9F1C6449550017F8D4 /* TimeOfNeedTests.swift in Sources */,
			);
			runOnlyForDeploymentPostprocessing = 0;
		};
		3BA57FA11C6449560017F8D4 /* Sources */ = {
			isa = PBXSourcesBuildPhase;
			buildActionMask = 2147483647;
			files = (
				3BA57FAA1C6449560017F8D4 /* TimeOfNeedUITests.swift in Sources */,
			);
			runOnlyForDeploymentPostprocessing = 0;
		};
/* End PBXSourcesBuildPhase section */

/* Begin PBXTargetDependency section */
		3BA57F9C1C6449550017F8D4 /* PBXTargetDependency */ = {
			isa = PBXTargetDependency;
			target = 3BA57F831C6449540017F8D4 /* TimeOfNeed */;
			targetProxy = 3BA57F9B1C6449550017F8D4 /* PBXContainerItemProxy */;
		};
		3BA57FA71C6449560017F8D4 /* PBXTargetDependency */ = {
			isa = PBXTargetDependency;
			target = 3BA57F831C6449540017F8D4 /* TimeOfNeed */;
			targetProxy = 3BA57FA61C6449560017F8D4 /* PBXContainerItemProxy */;
		};
/* End PBXTargetDependency section */

/* Begin PBXVariantGroup section */
		3BA57F8D1C6449550017F8D4 /* Main.storyboard */ = {
			isa = PBXVariantGroup;
			children = (
				3BA57F8E1C6449550017F8D4 /* Base */,
			);
			name = Main.storyboard;
			sourceTree = "<group>";
		};
		3BA57F921C6449550017F8D4 /* LaunchScreen.storyboard */ = {
			isa = PBXVariantGroup;
			children = (
				3BA57F931C6449550017F8D4 /* Base */,
			);
			name = LaunchScreen.storyboard;
			sourceTree = "<group>";
		};
/* End PBXVariantGroup section */

/* Begin XCBuildConfiguration section */
		3BA57FAC1C6449560017F8D4 /* Debug */ = {
			isa = XCBuildConfiguration;
			buildSettings = {
				ALWAYS_SEARCH_USER_PATHS = NO;
				CLANG_CXX_LANGUAGE_STANDARD = "gnu++0x";
				CLANG_CXX_LIBRARY = "libc++";
				CLANG_ENABLE_MODULES = YES;
				CLANG_ENABLE_OBJC_ARC = YES;
				CLANG_WARN_BOOL_CONVERSION = YES;
				CLANG_WARN_CONSTANT_CONVERSION = YES;
				CLANG_WARN_DIRECT_OBJC_ISA_USAGE = YES_ERROR;
				CLANG_WARN_EMPTY_BODY = YES;
				CLANG_WARN_ENUM_CONVERSION = YES;
				CLANG_WARN_INT_CONVERSION = YES;
				CLANG_WARN_OBJC_ROOT_CLASS = YES_ERROR;
				CLANG_WARN_UNREACHABLE_CODE = YES;
				CLANG_WARN__DUPLICATE_METHOD_MATCH = YES;
				"CODE_SIGN_IDENTITY[sdk=iphoneos*]" = "iPhone Developer";
				COPY_PHASE_STRIP = NO;
				DEBUG_INFORMATION_FORMAT = dwarf;
				ENABLE_STRICT_OBJC_MSGSEND = YES;
				ENABLE_TESTABILITY = YES;
				GCC_C_LANGUAGE_STANDARD = gnu99;
				GCC_DYNAMIC_NO_PIC = NO;
				GCC_NO_COMMON_BLOCKS = YES;
				GCC_OPTIMIZATION_LEVEL = 0;
				GCC_PREPROCESSOR_DEFINITIONS = (
					"DEBUG=1",
					"$(inherited)",
				);
				GCC_WARN_64_TO_32_BIT_CONVERSION = YES;
				GCC_WARN_ABOUT_RETURN_TYPE = YES_ERROR;
				GCC_WARN_UNDECLARED_SELECTOR = YES;
				GCC_WARN_UNINITIALIZED_AUTOS = YES_AGGRESSIVE;
				GCC_WARN_UNUSED_FUNCTION = YES;
				GCC_WARN_UNUSED_VARIABLE = YES;
				IPHONEOS_DEPLOYMENT_TARGET = 9.1;
				MTL_ENABLE_DEBUG_INFO = YES;
				ONLY_ACTIVE_ARCH = YES;
				SDKROOT = iphoneos;
				SWIFT_OPTIMIZATION_LEVEL = "-Onone";
				TARGETED_DEVICE_FAMILY = "1,2";
			};
			name = Debug;
		};
		3BA57FAD1C6449560017F8D4 /* Release */ = {
			isa = XCBuildConfiguration;
			buildSettings = {
				ALWAYS_SEARCH_USER_PATHS = NO;
				CLANG_CXX_LANGUAGE_STANDARD = "gnu++0x";
				CLANG_CXX_LIBRARY = "libc++";
				CLANG_ENABLE_MODULES = YES;
				CLANG_ENABLE_OBJC_ARC = YES;
				CLANG_WARN_BOOL_CONVERSION = YES;
				CLANG_WARN_CONSTANT_CONVERSION = YES;
				CLANG_WARN_DIRECT_OBJC_ISA_USAGE = YES_ERROR;
				CLANG_WARN_EMPTY_BODY = YES;
				CLANG_WARN_ENUM_CONVERSION = YES;
				CLANG_WARN_INT_CONVERSION = YES;
				CLANG_WARN_OBJC_ROOT_CLASS = YES_ERROR;
				CLANG_WARN_UNREACHABLE_CODE = YES;
				CLANG_WARN__DUPLICATE_METHOD_MATCH = YES;
				"CODE_SIGN_IDENTITY[sdk=iphoneos*]" = "iPhone Developer";
				COPY_PHASE_STRIP = NO;
				DEBUG_INFORMATION_FORMAT = "dwarf-with-dsym";
				ENABLE_NS_ASSERTIONS = NO;
				ENABLE_STRICT_OBJC_MSGSEND = YES;
				GCC_C_LANGUAGE_STANDARD = gnu99;
				GCC_NO_COMMON_BLOCKS = YES;
				GCC_WARN_64_TO_32_BIT_CONVERSION = YES;
				GCC_WARN_ABOUT_RETURN_TYPE = YES_ERROR;
				GCC_WARN_UNDECLARED_SELECTOR = YES;
				GCC_WARN_UNINITIALIZED_AUTOS = YES_AGGRESSIVE;
				GCC_WARN_UNUSED_FUNCTION = YES;
				GCC_WARN_UNUSED_VARIABLE = YES;
				IPHONEOS_DEPLOYMENT_TARGET = 9.1;
				MTL_ENABLE_DEBUG_INFO = NO;
				SDKROOT = iphoneos;
				TARGETED_DEVICE_FAMILY = "1,2";
				VALIDATE_PRODUCT = YES;
			};
			name = Release;
		};
		3BA57FAF1C6449560017F8D4 /* Debug */ = {
			isa = XCBuildConfiguration;
			buildSettings = {
				ASSETCATALOG_COMPILER_APPICON_NAME = AppIcon;
				CLANG_ENABLE_MODULES = YES;
				INFOPLIST_FILE = TimeOfNeed/Info.plist;
				LD_RUNPATH_SEARCH_PATHS = "$(inherited) @executable_path/Frameworks";
				PRODUCT_BUNDLE_IDENTIFIER = CS472.TimeOfNeed;
				PRODUCT_NAME = "$(TARGET_NAME)";
				SWIFT_OBJC_BRIDGING_HEADER = "TimeOfNeed/TimeOfNeed-Bridging-Header.h";
				SWIFT_OPTIMIZATION_LEVEL = "-Onone";
			};
			name = Debug;
		};
		3BA57FB01C6449560017F8D4 /* Release */ = {
			isa = XCBuildConfiguration;
			buildSettings = {
				ASSETCATALOG_COMPILER_APPICON_NAME = AppIcon;
				CLANG_ENABLE_MODULES = YES;
				INFOPLIST_FILE = TimeOfNeed/Info.plist;
				LD_RUNPATH_SEARCH_PATHS = "$(inherited) @executable_path/Frameworks";
				PRODUCT_BUNDLE_IDENTIFIER = CS472.TimeOfNeed;
				PRODUCT_NAME = "$(TARGET_NAME)";
				SWIFT_OBJC_BRIDGING_HEADER = "TimeOfNeed/TimeOfNeed-Bridging-Header.h";
			};
			name = Release;
		};
		3BA57FB21C6449560017F8D4 /* Debug */ = {
			isa = XCBuildConfiguration;
			buildSettings = {
				BUNDLE_LOADER = "$(TEST_HOST)";
				INFOPLIST_FILE = TimeOfNeedTests/Info.plist;
				LD_RUNPATH_SEARCH_PATHS = "$(inherited) @executable_path/Frameworks @loader_path/Frameworks";
				PRODUCT_BUNDLE_IDENTIFIER = CS472.TimeOfNeedTests;
				PRODUCT_NAME = "$(TARGET_NAME)";
				TEST_HOST = "$(BUILT_PRODUCTS_DIR)/TimeOfNeed.app/TimeOfNeed";
			};
			name = Debug;
		};
		3BA57FB31C6449560017F8D4 /* Release */ = {
			isa = XCBuildConfiguration;
			buildSettings = {
				BUNDLE_LOADER = "$(TEST_HOST)";
				INFOPLIST_FILE = TimeOfNeedTests/Info.plist;
				LD_RUNPATH_SEARCH_PATHS = "$(inherited) @executable_path/Frameworks @loader_path/Frameworks";
				PRODUCT_BUNDLE_IDENTIFIER = CS472.TimeOfNeedTests;
				PRODUCT_NAME = "$(TARGET_NAME)";
				TEST_HOST = "$(BUILT_PRODUCTS_DIR)/TimeOfNeed.app/TimeOfNeed";
			};
			name = Release;
		};
		3BA57FB51C6449560017F8D4 /* Debug */ = {
			isa = XCBuildConfiguration;
			buildSettings = {
				INFOPLIST_FILE = TimeOfNeedUITests/Info.plist;
				LD_RUNPATH_SEARCH_PATHS = "$(inherited) @executable_path/Frameworks @loader_path/Frameworks";
				PRODUCT_BUNDLE_IDENTIFIER = CS472.TimeOfNeedUITests;
				PRODUCT_NAME = "$(TARGET_NAME)";
				TEST_TARGET_NAME = TimeOfNeed;
				USES_XCTRUNNER = YES;
			};
			name = Debug;
		};
		3BA57FB61C6449560017F8D4 /* Release */ = {
			isa = XCBuildConfiguration;
			buildSettings = {
				INFOPLIST_FILE = TimeOfNeedUITests/Info.plist;
				LD_RUNPATH_SEARCH_PATHS = "$(inherited) @executable_path/Frameworks @loader_path/Frameworks";
				PRODUCT_BUNDLE_IDENTIFIER = CS472.TimeOfNeedUITests;
				PRODUCT_NAME = "$(TARGET_NAME)";
				TEST_TARGET_NAME = TimeOfNeed;
				USES_XCTRUNNER = YES;
			};
			name = Release;
		};
/* End XCBuildConfiguration section */

/* Begin XCConfigurationList section */
		3BA57F7F1C6449540017F8D4 /* Build configuration list for PBXProject "TimeOfNeed" */ = {
			isa = XCConfigurationList;
			buildConfigurations = (
				3BA57FAC1C6449560017F8D4 /* Debug */,
				3BA57FAD1C6449560017F8D4 /* Release */,
			);
			defaultConfigurationIsVisible = 0;
			defaultConfigurationName = Release;
		};
		3BA57FAE1C6449560017F8D4 /* Build configuration list for PBXNativeTarget "TimeOfNeed" */ = {
			isa = XCConfigurationList;
			buildConfigurations = (
				3BA57FAF1C6449560017F8D4 /* Debug */,
				3BA57FB01C6449560017F8D4 /* Release */,
			);
			defaultConfigurationIsVisible = 0;
			defaultConfigurationName = Release;
		};
		3BA57FB11C6449560017F8D4 /* Build configuration list for PBXNativeTarget "TimeOfNeedTests" */ = {
			isa = XCConfigurationList;
			buildConfigurations = (
				3BA57FB21C6449560017F8D4 /* Debug */,
				3BA57FB31C6449560017F8D4 /* Release */,
			);
			defaultConfigurationIsVisible = 0;
			defaultConfigurationName = Release;
		};
		3BA57FB41C6449560017F8D4 /* Build configuration list for PBXNativeTarget "TimeOfNeedUITests" */ = {
			isa = XCConfigurationList;
			buildConfigurations = (
				3BA57FB51C6449560017F8D4 /* Debug */,
				3BA57FB61C6449560017F8D4 /* Release */,
			);
			defaultConfigurationIsVisible = 0;
			defaultConfigurationName = Release;
		};
/* End XCConfigurationList section */
	};
	rootObject = 3BA57F7C1C6449540017F8D4 /* Project object */;
}
