
Microsoft Visual Studio Solution File, Format Version 12.00
# Visual Studio 2012
Project("{FAE04EC0-301F-11D3-BF4B-00C04F79EFBC}") = "TimeofNeed", "TimeofNeed\TimeofNeed.csproj", "{A2AD9055-D805-4C80-A414-F4B230E17250}"
EndProject
Project("{FAE04EC0-301F-11D3-BF4B-00C04F79EFBC}") = "TimeofNeed.iOS", "iOS\TimeofNeed.iOS.csproj", "{0131E6C9-9B03-4621-AE6F-C167B4B38A81}"
EndProject
Project("{FAE04EC0-301F-11D3-BF4B-00C04F79EFBC}") = "TimeofNeed.Droid", "Droid\TimeofNeed.Droid.csproj", "{3CE5E554-6AD3-4477-97CC-A0BAC6513AD1}"
EndProject
Global
	GlobalSection(SolutionConfigurationPlatforms) = preSolution
		Debug|Any CPU = Debug|Any CPU
		Release|Any CPU = Release|Any CPU
		Debug|iPhoneSimulator = Debug|iPhoneSimulator
		Release|iPhone = Release|iPhone
		Release|iPhoneSimulator = Release|iPhoneSimulator
		Debug|iPhone = Debug|iPhone
	EndGlobalSection
	GlobalSection(ProjectConfigurationPlatforms) = postSolution
		{0131E6C9-9B03-4621-AE6F-C167B4B38A81}.Debug|Any CPU.ActiveCfg = Debug|iPhoneSimulator
		{0131E6C9-9B03-4621-AE6F-C167B4B38A81}.Debug|Any CPU.Build.0 = Debug|iPhoneSimulator
		{0131E6C9-9B03-4621-AE6F-C167B4B38A81}.Debug|iPhone.ActiveCfg = Debug|iPhone
		{0131E6C9-9B03-4621-AE6F-C167B4B38A81}.Debug|iPhone.Build.0 = Debug|iPhone
		{0131E6C9-9B03-4621-AE6F-C167B4B38A81}.Debug|iPhoneSimulator.ActiveCfg = Debug|iPhoneSimulator
		{0131E6C9-9B03-4621-AE6F-C167B4B38A81}.Debug|iPhoneSimulator.Build.0 = Debug|iPhoneSimulator
		{0131E6C9-9B03-4621-AE6F-C167B4B38A81}.Release|Any CPU.ActiveCfg = Release|iPhone
		{0131E6C9-9B03-4621-AE6F-C167B4B38A81}.Release|Any CPU.Build.0 = Release|iPhone
		{0131E6C9-9B03-4621-AE6F-C167B4B38A81}.Release|iPhone.ActiveCfg = Release|iPhone
		{0131E6C9-9B03-4621-AE6F-C167B4B38A81}.Release|iPhone.Build.0 = Release|iPhone
		{0131E6C9-9B03-4621-AE6F-C167B4B38A81}.Release|iPhoneSimulator.ActiveCfg = Release|iPhoneSimulator
		{0131E6C9-9B03-4621-AE6F-C167B4B38A81}.Release|iPhoneSimulator.Build.0 = Release|iPhoneSimulator
		{3CE5E554-6AD3-4477-97CC-A0BAC6513AD1}.Debug|Any CPU.ActiveCfg = Debug|Any CPU
		{3CE5E554-6AD3-4477-97CC-A0BAC6513AD1}.Debug|Any CPU.Build.0 = Debug|Any CPU
		{3CE5E554-6AD3-4477-97CC-A0BAC6513AD1}.Debug|iPhone.ActiveCfg = Debug|Any CPU
		{3CE5E554-6AD3-4477-97CC-A0BAC6513AD1}.Debug|iPhone.Build.0 = Debug|Any CPU
		{3CE5E554-6AD3-4477-97CC-A0BAC6513AD1}.Debug|iPhoneSimulator.ActiveCfg = Debug|Any CPU
		{3CE5E554-6AD3-4477-97CC-A0BAC6513AD1}.Debug|iPhoneSimulator.Build.0 = Debug|Any CPU
		{3CE5E554-6AD3-4477-97CC-A0BAC6513AD1}.Release|Any CPU.ActiveCfg = Release|Any CPU
		{3CE5E554-6AD3-4477-97CC-A0BAC6513AD1}.Release|Any CPU.Build.0 = Release|Any CPU
		{3CE5E554-6AD3-4477-97CC-A0BAC6513AD1}.Release|iPhone.ActiveCfg = Release|Any CPU
		{3CE5E554-6AD3-4477-97CC-A0BAC6513AD1}.Release|iPhone.Build.0 = Release|Any CPU
		{3CE5E554-6AD3-4477-97CC-A0BAC6513AD1}.Release|iPhoneSimulator.ActiveCfg = Release|Any CPU
		{3CE5E554-6AD3-4477-97CC-A0BAC6513AD1}.Release|iPhoneSimulator.Build.0 = Release|Any CPU
		{A2AD9055-D805-4C80-A414-F4B230E17250}.Debug|Any CPU.ActiveCfg = Debug|Any CPU
		{A2AD9055-D805-4C80-A414-F4B230E17250}.Debug|Any CPU.Build.0 = Debug|Any CPU
		{A2AD9055-D805-4C80-A414-F4B230E17250}.Debug|iPhone.ActiveCfg = Debug|Any CPU
		{A2AD9055-D805-4C80-A414-F4B230E17250}.Debug|iPhone.Build.0 = Debug|Any CPU
		{A2AD9055-D805-4C80-A414-F4B230E17250}.Debug|iPhoneSimulator.ActiveCfg = Debug|Any CPU
		{A2AD9055-D805-4C80-A414-F4B230E17250}.Debug|iPhoneSimulator.Build.0 = Debug|Any CPU
		{A2AD9055-D805-4C80-A414-F4B230E17250}.Release|Any CPU.ActiveCfg = Release|Any CPU
		{A2AD9055-D805-4C80-A414-F4B230E17250}.Release|Any CPU.Build.0 = Release|Any CPU
		{A2AD9055-D805-4C80-A414-F4B230E17250}.Release|iPhone.ActiveCfg = Release|Any CPU
		{A2AD9055-D805-4C80-A414-F4B230E17250}.Release|iPhone.Build.0 = Release|Any CPU
		{A2AD9055-D805-4C80-A414-F4B230E17250}.Release|iPhoneSimulator.ActiveCfg = Release|Any CPU
		{A2AD9055-D805-4C80-A414-F4B230E17250}.Release|iPhoneSimulator.Build.0 = Release|Any CPU
	EndGlobalSection
EndGlobal
